// !$*UTF8*$!
{
	archiveVersion = 1;
	classes = {
	};
	objectVersion = 56;
	objects = {

/* Begin PBXBuildFile section */
		001 /* SudokuApp.swift in Sources */ = {isa = PBXBuildFile; fileRef = 101 /* SudokuApp.swift */; };
		002 /* Cell.swift in Sources */ = {isa = PBXBuildFile; fileRef = 102 /* Cell.swift */; };
		003 /* Board.swift in Sources */ = {isa = PBXBuildFile; fileRef = 103 /* Board.swift */; };
		004 /* Puzzle.swift in Sources */ = {isa = PBXBuildFile; fileRef = 104 /* Puzzle.swift */; };
		005 /* GameState.swift in Sources */ = {isa = PBXBuildFile; fileRef = 105 /* GameState.swift */; };
		006 /* Technique.swift in Sources */ = {isa = PBXBuildFile; fileRef = 106 /* Technique.swift */; };
		007 /* GameViewModel.swift in Sources */ = {isa = PBXBuildFile; fileRef = 107 /* GameViewModel.swift */; };
		008 /* TechniqueDetector.swift in Sources */ = {isa = PBXBuildFile; fileRef = 108 /* TechniqueDetector.swift */; };
		009 /* CellView.swift in Sources */ = {isa = PBXBuildFile; fileRef = 109 /* CellView.swift */; };
		010 /* BoardView.swift in Sources */ = {isa = PBXBuildFile; fileRef = 110 /* BoardView.swift */; };
		011 /* NumberPadView.swift in Sources */ = {isa = PBXBuildFile; fileRef = 111 /* NumberPadView.swift */; };
		012 /* ToolbarView.swift in Sources */ = {isa = PBXBuildFile; fileRef = 112 /* ToolbarView.swift */; };
		013 /* StatsBarView.swift in Sources */ = {isa = PBXBuildFile; fileRef = 113 /* StatsBarView.swift */; };
		014 /* MainMenuView.swift in Sources */ = {isa = PBXBuildFile; fileRef = 114 /* MainMenuView.swift */; };
		015 /* GameView.swift in Sources */ = {isa = PBXBuildFile; fileRef = 115 /* GameView.swift */; };
		016 /* TechniqueLibraryView.swift in Sources */ = {isa = PBXBuildFile; fileRef = 116 /* TechniqueLibraryView.swift */; };
		017 /* TechniqueTutorialView.swift in Sources */ = {isa = PBXBuildFile; fileRef = 117 /* TechniqueTutorialView.swift */; };
		018 /* PuzzleSolver.swift in Sources */ = {isa = PBXBuildFile; fileRef = 118 /* PuzzleSolver.swift */; };
		019 /* PuzzleGenerator.swift in Sources */ = {isa = PBXBuildFile; fileRef = 119 /* PuzzleGenerator.swift */; };
		020 /* PuzzleStore.swift in Sources */ = {isa = PBXBuildFile; fileRef = 120 /* PuzzleStore.swift */; };
		021 /* Constants.swift in Sources */ = {isa = PBXBuildFile; fileRef = 121 /* Constants.swift */; };
		022 /* Assets.xcassets in Resources */ = {isa = PBXBuildFile; fileRef = 122 /* Assets.xcassets */; };
		023 /* Preview Assets.xcassets in Resources */ = {isa = PBXBuildFile; fileRef = 123 /* Preview Assets.xcassets */; };
		024 /* HintOverlayView.swift in Sources */ = {isa = PBXBuildFile; fileRef = 124 /* HintOverlayView.swift */; };
		025 /* TechniqueExplorerView.swift in Sources */ = {isa = PBXBuildFile; fileRef = 125 /* TechniqueExplorerView.swift */; };
		026 /* LearnModeView.swift in Sources */ = {isa = PBXBuildFile; fileRef = 126 /* LearnModeView.swift */; };
		027 /* TechniquePractice.swift in Sources */ = {isa = PBXBuildFile; fileRef = 127 /* TechniquePractice.swift */; };
/* End PBXBuildFile section */

/* Begin PBXFileReference section */
		100 /* Sudoku.app */ = {isa = PBXFileReference; explicitFileType = wrapper.application; includeInIndex = 0; path = Sudoku.app; sourceTree = BUILT_PRODUCTS_DIR; };
		101 /* SudokuApp.swift */ = {isa = PBXFileReference; lastKnownFileType = sourcecode.swift; path = SudokuApp.swift; sourceTree = "<group>"; };
		102 /* Cell.swift */ = {isa = PBXFileReference; lastKnownFileType = sourcecode.swift; path = Cell.swift; sourceTree = "<group>"; };
		103 /* Board.swift */ = {isa = PBXFileReference; lastKnownFileType = sourcecode.swift; path = Board.swift; sourceTree = "<group>"; };
		104 /* Puzzle.swift */ = {isa = PBXFileReference; lastKnownFileType = sourcecode.swift; path = Puzzle.swift; sourceTree = "<group>"; };
		105 /* GameState.swift */ = {isa = PBXFileReference; lastKnownFileType = sourcecode.swift; path = GameState.swift; sourceTree = "<group>"; };
		106 /* Technique.swift */ = {isa = PBXFileReference; lastKnownFileType = sourcecode.swift; path = Technique.swift; sourceTree = "<group>"; };
		107 /* GameViewModel.swift */ = {isa = PBXFileReference; lastKnownFileType = sourcecode.swift; path = GameViewModel.swift; sourceTree = "<group>"; };
		108 /* TechniqueDetector.swift */ = {isa = PBXFileReference; lastKnownFileType = sourcecode.swift; path = TechniqueDetector.swift; sourceTree = "<group>"; };
		109 /* CellView.swift */ = {isa = PBXFileReference; lastKnownFileType = sourcecode.swift; path = CellView.swift; sourceTree = "<group>"; };
		110 /* BoardView.swift */ = {isa = PBXFileReference; lastKnownFileType = sourcecode.swift; path = BoardView.swift; sourceTree = "<group>"; };
		111 /* NumberPadView.swift */ = {isa = PBXFileReference; lastKnownFileType = sourcecode.swift; path = NumberPadView.swift; sourceTree = "<group>"; };
		112 /* ToolbarView.swift */ = {isa = PBXFileReference; lastKnownFileType = sourcecode.swift; path = ToolbarView.swift; sourceTree = "<group>"; };
		113 /* StatsBarView.swift */ = {isa = PBXFileReference; lastKnownFileType = sourcecode.swift; path = StatsBarView.swift; sourceTree = "<group>"; };
		114 /* MainMenuView.swift */ = {isa = PBXFileReference; lastKnownFileType = sourcecode.swift; path = MainMenuView.swift; sourceTree = "<group>"; };
		115 /* GameView.swift */ = {isa = PBXFileReference; lastKnownFileType = sourcecode.swift; path = GameView.swift; sourceTree = "<group>"; };
		116 /* TechniqueLibraryView.swift */ = {isa = PBXFileReference; lastKnownFileType = sourcecode.swift; path = TechniqueLibraryView.swift; sourceTree = "<group>"; };
		117 /* TechniqueTutorialView.swift */ = {isa = PBXFileReference; lastKnownFileType = sourcecode.swift; path = TechniqueTutorialView.swift; sourceTree = "<group>"; };
		118 /* PuzzleSolver.swift */ = {isa = PBXFileReference; lastKnownFileType = sourcecode.swift; path = PuzzleSolver.swift; sourceTree = "<group>"; };
		119 /* PuzzleGenerator.swift */ = {isa = PBXFileReference; lastKnownFileType = sourcecode.swift; path = PuzzleGenerator.swift; sourceTree = "<group>"; };
		120 /* PuzzleStore.swift */ = {isa = PBXFileReference; lastKnownFileType = sourcecode.swift; path = PuzzleStore.swift; sourceTree = "<group>"; };
		121 /* Constants.swift */ = {isa = PBXFileReference; lastKnownFileType = sourcecode.swift; path = Constants.swift; sourceTree = "<group>"; };
		122 /* Assets.xcassets */ = {isa = PBXFileReference; lastKnownFileType = folder.assetcatalog; path = Assets.xcassets; sourceTree = "<group>"; };
		123 /* Preview Assets.xcassets */ = {isa = PBXFileReference; lastKnownFileType = folder.assetcatalog; path = "Preview Assets.xcassets"; sourceTree = "<group>"; };
		124 /* HintOverlayView.swift */ = {isa = PBXFileReference; lastKnownFileType = sourcecode.swift; path = HintOverlayView.swift; sourceTree = "<group>"; };
		125 /* TechniqueExplorerView.swift */ = {isa = PBXFileReference; lastKnownFileType = sourcecode.swift; path = TechniqueExplorerView.swift; sourceTree = "<group>"; };
		126 /* LearnModeView.swift */ = {isa = PBXFileReference; lastKnownFileType = sourcecode.swift; path = LearnModeView.swift; sourceTree = "<group>"; };
		127 /* TechniquePractice.swift */ = {isa = PBXFileReference; lastKnownFileType = sourcecode.swift; path = TechniquePractice.swift; sourceTree = "<group>"; };
/* End PBXFileReference section */

/* Begin PBXFrameworksBuildPhase section */
		200 /* Frameworks */ = {
			isa = PBXFrameworksBuildPhase;
			buildActionMask = 2147483647;
			files = (
			);
			runOnlyForDeploymentPostprocessing = 0;
		};
/* End PBXFrameworksBuildPhase section */

/* Begin PBXGroup section */
		300 = {
			isa = PBXGroup;
			children = (
				301 /* Sudoku */,
				302 /* Products */,
			);
			sourceTree = "<group>";
		};
		301 /* Sudoku */ = {
			isa = PBXGroup;
			children = (
				101 /* SudokuApp.swift */,
				303 /* Models */,
				304 /* ViewModels */,
				305 /* Views */,
				306 /* Services */,
				307 /* Utilities */,
				122 /* Assets.xcassets */,
				308 /* Preview Content */,
			);
			path = Sudoku;
			sourceTree = "<group>";
		};
		302 /* Products */ = {
			isa = PBXGroup;
			children = (
				100 /* Sudoku.app */,
			);
			name = Products;
			sourceTree = "<group>";
		};
		303 /* Models */ = {
			isa = PBXGroup;
			children = (
				102 /* Cell.swift */,
				103 /* Board.swift */,
				104 /* Puzzle.swift */,
				105 /* GameState.swift */,
				106 /* Technique.swift */,
			);
			path = Models;
			sourceTree = "<group>";
		};
		304 /* ViewModels */ = {
			isa = PBXGroup;
			children = (
				107 /* GameViewModel.swift */,
				108 /* TechniqueDetector.swift */,
			);
			path = ViewModels;
			sourceTree = "<group>";
		};
		305 /* Views */ = {
			isa = PBXGroup;
			children = (
				109 /* CellView.swift */,
				110 /* BoardView.swift */,
				111 /* NumberPadView.swift */,
				112 /* ToolbarView.swift */,
				113 /* StatsBarView.swift */,
				114 /* MainMenuView.swift */,
				115 /* GameView.swift */,
				116 /* TechniqueLibraryView.swift */,
				117 /* TechniqueTutorialView.swift */,
				124 /* HintOverlayView.swift */,
				125 /* TechniqueExplorerView.swift */,
				126 /* LearnModeView.swift */,
			);
			path = Views;
			sourceTree = "<group>";
		};
		306 /* Services */ = {
			isa = PBXGroup;
			children = (
				118 /* PuzzleSolver.swift */,
				119 /* PuzzleGenerator.swift */,
				120 /* PuzzleStore.swift */,
				127 /* TechniquePractice.swift */,
			);
			path = Services;
			sourceTree = "<group>";
		};
		307 /* Utilities */ = {
			isa = PBXGroup;
			children = (
				121 /* Constants.swift */,
			);
			path = Utilities;
			sourceTree = "<group>";
		};
		308 /* Preview Content */ = {
			isa = PBXGroup;
			children = (
				123 /* Preview Assets.xcassets */,
			);
			path = "Preview Content";
			sourceTree = "<group>";
		};
/* End PBXGroup section */

/* Begin PBXNativeTarget section */
		400 /* Sudoku */ = {
			isa = PBXNativeTarget;
			buildConfigurationList = 500 /* Build configuration list for PBXNativeTarget "Sudoku" */;
			buildPhases = (
				401 /* Sources */,
				200 /* Frameworks */,
				402 /* Resources */,
			);
			buildRules = (
			);
			dependencies = (
			);
			name = Sudoku;
			productName = Sudoku;
			productReference = 100 /* Sudoku.app */;
			productType = "com.apple.product-type.application";
		};
/* End PBXNativeTarget section */

/* Begin PBXProject section */
		600 /* Project object */ = {
			isa = PBXProject;
			attributes = {
				BuildIndependentTargetsInParallel = 1;
				LastSwiftUpdateCheck = 1500;
				LastUpgradeCheck = 1500;
				TargetAttributes = {
					400 = {
						CreatedOnToolsVersion = 15.0;
					};
				};
			};
			buildConfigurationList = 601 /* Build configuration list for PBXProject "Sudoku" */;
			compatibilityVersion = "Xcode 14.0";
			developmentRegion = en;
			hasScannedForEncodings = 0;
			knownRegions = (
				en,
				Base,
			);
			mainGroup = 300;
			productRefGroup = 302 /* Products */;
			projectDirPath = "";
			projectRoot = "";
			targets = (
				400 /* Sudoku */,
			);
		};
/* End PBXProject section */

/* Begin PBXResourcesBuildPhase section */
		402 /* Resources */ = {
			isa = PBXResourcesBuildPhase;
			buildActionMask = 2147483647;
			files = (
				022 /* Assets.xcassets in Resources */,
				023 /* Preview Assets.xcassets in Resources */,
			);
			runOnlyForDeploymentPostprocessing = 0;
		};
/* End PBXResourcesBuildPhase section */

/* Begin PBXSourcesBuildPhase section */
		401 /* Sources */ = {
			isa = PBXSourcesBuildPhase;
			buildActionMask = 2147483647;
			files = (
				001 /* SudokuApp.swift in Sources */,
				002 /* Cell.swift in Sources */,
				003 /* Board.swift in Sources */,
				004 /* Puzzle.swift in Sources */,
				005 /* GameState.swift in Sources */,
				006 /* Technique.swift in Sources */,
				007 /* GameViewModel.swift in Sources */,
				008 /* TechniqueDetector.swift in Sources */,
				009 /* CellView.swift in Sources */,
				010 /* BoardView.swift in Sources */,
				011 /* NumberPadView.swift in Sources */,
				012 /* ToolbarView.swift in Sources */,
				013 /* StatsBarView.swift in Sources */,
				014 /* MainMenuView.swift in Sources */,
				015 /* GameView.swift in Sources */,
				016 /* TechniqueLibraryView.swift in Sources */,
				017 /* TechniqueTutorialView.swift in Sources */,
				024 /* HintOverlayView.swift in Sources */,
				025 /* TechniqueExplorerView.swift in Sources */,
				026 /* LearnModeView.swift in Sources */,
				027 /* TechniquePractice.swift in Sources */,
				018 /* PuzzleSolver.swift in Sources */,
				019 /* PuzzleGenerator.swift in Sources */,
				020 /* PuzzleStore.swift in Sources */,
				021 /* Constants.swift in Sources */,
			);
			runOnlyForDeploymentPostprocessing = 0;
		};
/* End PBXSourcesBuildPhase section */

/* Begin XCBuildConfiguration section */
		700 /* Debug */ = {
			isa = XCBuildConfiguration;
			buildSettings = {
				ALWAYS_SEARCH_USER_PATHS = NO;
				ASSETCATALOG_COMPILER_GENERATE_SWIFT_ASSET_SYMBOL_EXTENSIONS = YES;
				CLANG_ANALYZER_NONNULL = YES;
				CLANG_ANALYZER_NUMBER_OBJECT_CONVERSION = YES_AGGRESSIVE;
				CLANG_CXX_LANGUAGE_STANDARD = "gnu++20";
				CLANG_ENABLE_MODULES = YES;
				CLANG_ENABLE_OBJC_ARC = YES;
				CLANG_ENABLE_OBJC_WEAK = YES;
				CLANG_WARN_BLOCK_CAPTURE_AUTORELEASING = YES;
				CLANG_WARN_BOOL_CONVERSION = YES;
				CLANG_WARN_COMMA = YES;
				CLANG_WARN_CONSTANT_CONVERSION = YES;
				CLANG_WARN_DEPRECATED_OBJC_IMPLEMENTATIONS = YES;
				CLANG_WARN_DIRECT_OBJC_ISA_USAGE = YES_ERROR;
				CLANG_WARN_DOCUMENTATION_COMMENTS = YES;
				CLANG_WARN_EMPTY_BODY = YES;
				CLANG_WARN_ENUM_CONVERSION = YES;
				CLANG_WARN_INFINITE_RECURSION = YES;
				CLANG_WARN_INT_CONVERSION = YES;
				CLANG_WARN_NON_LITERAL_NULL_CONVERSION = YES;
				CLANG_WARN_OBJC_IMPLICIT_RETAIN_SELF = YES;
				CLANG_WARN_OBJC_LITERAL_CONVERSION = YES;
				CLANG_WARN_OBJC_ROOT_CLASS = YES_ERROR;
				CLANG_WARN_QUOTED_INCLUDE_IN_FRAMEWORK_HEADER = YES;
				CLANG_WARN_RANGE_LOOP_ANALYSIS = YES;
				CLANG_WARN_STRICT_PROTOTYPES = YES;
				CLANG_WARN_SUSPICIOUS_MOVE = YES;
				CLANG_WARN_UNGUARDED_AVAILABILITY = YES_AGGRESSIVE;
				CLANG_WARN_UNREACHABLE_CODE = YES;
				CLANG_WARN__DUPLICATE_METHOD_MATCH = YES;
				COPY_PHASE_STRIP = NO;
				DEBUG_INFORMATION_FORMAT = dwarf;
				ENABLE_STRICT_OBJC_MSGSEND = YES;
				ENABLE_TESTABILITY = YES;
				ENABLE_USER_SCRIPT_SANDBOXING = YES;
				GCC_C_LANGUAGE_STANDARD = gnu17;
				GCC_DYNAMIC_NO_PIC = NO;
				GCC_NO_COMMON_BLOCKS = YES;
				GCC_OPTIMIZATION_LEVEL = 0;
				GCC_PREPROCESSOR_DEFINITIONS = (
					"DEBUG=1",
					"$(inherited)",
				);
				GCC_WARN_64_TO_32_BIT_CONVERSION = YES;
				GCC_WARN_ABOUT_RETURN_TYPE = YES_ERROR;
				GCC_WARN_UNDECLARED_SELECTOR = YES;
				GCC_WARN_UNINITIALIZED_AUTOS = YES_AGGRESSIVE;
				GCC_WARN_UNUSED_FUNCTION = YES;
				GCC_WARN_UNUSED_VARIABLE = YES;
				IPHONEOS_DEPLOYMENT_TARGET = 17.0;
				LOCALIZATION_PREFERS_STRING_CATALOGS = YES;
				MTL_ENABLE_DEBUG_INFO = INCLUDE_SOURCE;
				MTL_FAST_MATH = YES;
				ONLY_ACTIVE_ARCH = YES;
				SDKROOT = iphoneos;
				SWIFT_ACTIVE_COMPILATION_CONDITIONS = "DEBUG $(inherited)";
				SWIFT_OPTIMIZATION_LEVEL = "-Onone";
			};
			name = Debug;
		};
		701 /* Release */ = {
			isa = XCBuildConfiguration;
			buildSettings = {
				ALWAYS_SEARCH_USER_PATHS = NO;
				ASSETCATALOG_COMPILER_GENERATE_SWIFT_ASSET_SYMBOL_EXTENSIONS = YES;
				CLANG_ANALYZER_NONNULL = YES;
				CLANG_ANALYZER_NUMBER_OBJECT_CONVERSION = YES_AGGRESSIVE;
				CLANG_CXX_LANGUAGE_STANDARD = "gnu++20";
				CLANG_ENABLE_MODULES = YES;
				CLANG_ENABLE_OBJC_ARC = YES;
				CLANG_ENABLE_OBJC_WEAK = YES;
				CLANG_WARN_BLOCK_CAPTURE_AUTORELEASING = YES;
				CLANG_WARN_BOOL_CONVERSION = YES;
				CLANG_WARN_COMMA = YES;
				CLANG_WARN_CONSTANT_CONVERSION = YES;
				CLANG_WARN_DEPRECATED_OBJC_IMPLEMENTATIONS = YES;
				CLANG_WARN_DIRECT_OBJC_ISA_USAGE = YES_ERROR;
				CLANG_WARN_DOCUMENTATION_COMMENTS = YES;
				CLANG_WARN_EMPTY_BODY = YES;
				CLANG_WARN_ENUM_CONVERSION = YES;
				CLANG_WARN_INFINITE_RECURSION = YES;
				CLANG_WARN_INT_CONVERSION = YES;
				CLANG_WARN_NON_LITERAL_NULL_CONVERSION = YES;
				CLANG_WARN_OBJC_IMPLICIT_RETAIN_SELF = YES;
				CLANG_WARN_OBJC_LITERAL_CONVERSION = YES;
				CLANG_WARN_OBJC_ROOT_CLASS = YES_ERROR;
				CLANG_WARN_QUOTED_INCLUDE_IN_FRAMEWORK_HEADER = YES;
				CLANG_WARN_RANGE_LOOP_ANALYSIS = YES;
				CLANG_WARN_STRICT_PROTOTYPES = YES;
				CLANG_WARN_SUSPICIOUS_MOVE = YES;
				CLANG_WARN_UNGUARDED_AVAILABILITY = YES_AGGRESSIVE;
				CLANG_WARN_UNREACHABLE_CODE = YES;
				CLANG_WARN__DUPLICATE_METHOD_MATCH = YES;
				COPY_PHASE_STRIP = NO;
				DEBUG_INFORMATION_FORMAT = "dwarf-with-dsym";
				ENABLE_NS_ASSERTIONS = NO;
				ENABLE_STRICT_OBJC_MSGSEND = YES;
				ENABLE_USER_SCRIPT_SANDBOXING = YES;
				GCC_C_LANGUAGE_STANDARD = gnu17;
				GCC_NO_COMMON_BLOCKS = YES;
				GCC_WARN_64_TO_32_BIT_CONVERSION = YES;
				GCC_WARN_ABOUT_RETURN_TYPE = YES_ERROR;
				GCC_WARN_UNDECLARED_SELECTOR = YES;
				GCC_WARN_UNINITIALIZED_AUTOS = YES_AGGRESSIVE;
				GCC_WARN_UNUSED_FUNCTION = YES;
				GCC_WARN_UNUSED_VARIABLE = YES;
				IPHONEOS_DEPLOYMENT_TARGET = 17.0;
				LOCALIZATION_PREFERS_STRING_CATALOGS = YES;
				MTL_ENABLE_DEBUG_INFO = NO;
				MTL_FAST_MATH = YES;
				SDKROOT = iphoneos;
				SWIFT_COMPILATION_MODE = wholemodule;
				VALIDATE_PRODUCT = YES;
			};
			name = Release;
		};
		702 /* Debug */ = {
			isa = XCBuildConfiguration;
			buildSettings = {
				ASSETCATALOG_COMPILER_APPICON_NAME = AppIcon;
				ASSETCATALOG_COMPILER_GLOBAL_ACCENT_COLOR_NAME = AccentColor;
				CODE_SIGN_STYLE = Automatic;
				CURRENT_PROJECT_VERSION = 1;
				DEVELOPMENT_ASSET_PATHS = "\"Sudoku/Preview Content\"";
				DEVELOPMENT_TEAM = ZJ8SR8PR2N;
				ENABLE_PREVIEWS = YES;
				GENERATE_INFOPLIST_FILE = YES;
				INFOPLIST_KEY_UIApplicationSceneManifest_Generation = YES;
				INFOPLIST_KEY_UIApplicationSupportsIndirectInputEvents = YES;
				INFOPLIST_KEY_UILaunchScreen_Generation = YES;
				INFOPLIST_KEY_UISupportedInterfaceOrientations = "UIInterfaceOrientationLandscapeLeft UIInterfaceOrientationLandscapeRight UIInterfaceOrientationPortrait";
				INFOPLIST_KEY_UISupportedInterfaceOrientations_iPad = "UIInterfaceOrientationLandscapeLeft UIInterfaceOrientationLandscapeRight UIInterfaceOrientationPortrait UIInterfaceOrientationPortraitUpsideDown";
				LD_RUNPATH_SEARCH_PATHS = (
					"$(inherited)",
					"@executable_path/Frameworks",
				);
				MARKETING_VERSION = 1.0;
				PRODUCT_BUNDLE_IDENTIFIER = com.horiag.Sudoku;
				PRODUCT_NAME = "$(TARGET_NAME)";
				SUPPORTED_PLATFORMS = "iphoneos iphonesimulator";
				SUPPORTS_MACCATALYST = NO;
				SWIFT_EMIT_LOC_STRINGS = YES;
				SWIFT_VERSION = 5.0;
				TARGETED_DEVICE_FAMILY = 2;
			};
			name = Debug;
		};
		703 /* Release */ = {
			isa = XCBuildConfiguration;
			buildSettings = {
				ASSETCATALOG_COMPILER_APPICON_NAME = AppIcon;
				ASSETCATALOG_COMPILER_GLOBAL_ACCENT_COLOR_NAME = AccentColor;
				CODE_SIGN_STYLE = Automatic;
				CURRENT_PROJECT_VERSION = 1;
				DEVELOPMENT_ASSET_PATHS = "\"Sudoku/Preview Content\"";
				DEVELOPMENT_TEAM = ZJ8SR8PR2N;
				ENABLE_PREVIEWS = YES;
				GENERATE_INFOPLIST_FILE = YES;
				INFOPLIST_KEY_UIApplicationSceneManifest_Generation = YES;
				INFOPLIST_KEY_UIApplicationSupportsIndirectInputEvents = YES;
				INFOPLIST_KEY_UILaunchScreen_Generation = YES;
				INFOPLIST_KEY_UISupportedInterfaceOrientations = "UIInterfaceOrientationLandscapeLeft UIInterfaceOrientationLandscapeRight UIInterfaceOrientationPortrait";
				INFOPLIST_KEY_UISupportedInterfaceOrientations_iPad = "UIInterfaceOrientationLandscapeLeft UIInterfaceOrientationLandscapeRight UIInterfaceOrientationPortrait UIInterfaceOrientationPortraitUpsideDown";
				LD_RUNPATH_SEARCH_PATHS = (
					"$(inherited)",
					"@executable_path/Frameworks",
				);
				MARKETING_VERSION = 1.0;
				PRODUCT_BUNDLE_IDENTIFIER = com.horiag.Sudoku;
				PRODUCT_NAME = "$(TARGET_NAME)";
				SUPPORTED_PLATFORMS = "iphoneos iphonesimulator";
				SUPPORTS_MACCATALYST = NO;
				SWIFT_EMIT_LOC_STRINGS = YES;
				SWIFT_VERSION = 5.0;
				TARGETED_DEVICE_FAMILY = 2;
			};
			name = Release;
		};
/* End XCBuildConfiguration section */

/* Begin XCConfigurationList section */
		500 /* Build configuration list for PBXNativeTarget "Sudoku" */ = {
			isa = XCConfigurationList;
			buildConfigurations = (
				702 /* Debug */,
				703 /* Release */,
			);
			defaultConfigurationIsVisible = 0;
			defaultConfigurationName = Release;
		};
		601 /* Build configuration list for PBXProject "Sudoku" */ = {
			isa = XCConfigurationList;
			buildConfigurations = (
				700 /* Debug */,
				701 /* Release */,
			);
			defaultConfigurationIsVisible = 0;
			defaultConfigurationName = Release;
		};
/* End XCConfigurationList section */
	};
	rootObject = 600 /* Project object */;
}
